{
  "name": "AI for EEG",
  "lockfileVersion": 3,
  "requires": true,
  "packages": {
    "": {
      "dependencies": {
        "smoothie": "^1.36.1",
        "uplot": "^1.6.32"
      }
    },
    "node_modules/smoothie": {
      "version": "1.36.1",
      "resolved": "https://registry.npmjs.org/smoothie/-/smoothie-1.36.1.tgz",
      "integrity": "sha512-499Vr2od6TicP8s7ykcyTfddh/6n11BB41G9RE7gqQRyfoPIAYotUTzwAxQpAfOdVOb+BvcG2qla+hjyqwe+PA==",
      "license": "MIT"
    },
    "node_modules/uplot": {
      "version": "1.6.32",
      "resolved": "https://registry.npmjs.org/uplot/-/uplot-1.6.32.tgz",
      "integrity": "sha512-KIMVnG68zvu5XXUbC4LQEPnhwOxBuLyW1AHtpm6IKTXImkbLgkMy+jabjLgSLMasNuGGzQm/ep3tOkyTxpiQIw==",
      "license": "MIT"
    }
  }
}
